// !$*UTF8*$!
{
	archiveVersion = 1;
	classes = {
	};
	objectVersion = 56;
	objects = {

/* Begin PBXBuildFile section */
		6634B83D949F467C64E5DE69 /* Pods_instagram.framework in Frameworks */ = {isa = PBXBuildFile; fileRef = D64D35B21EFDE13737D2E640 /* Pods_instagram.framework */; };
		C224DA252A7F9D050037D09E /* tabBar.swift in Sources */ = {isa = PBXBuildFile; fileRef = C224DA242A7F9D050037D09E /* tabBar.swift */; };
		C25B8A402A7CFC5C004DED00 /* ViewControllerForPostView.swift in Sources */ = {isa = PBXBuildFile; fileRef = C25B8A3F2A7CFC5C004DED00 /* ViewControllerForPostView.swift */; };
		C26629472A6FC6E100CDD3F4 /* CollectionViewCellForStory.swift in Sources */ = {isa = PBXBuildFile; fileRef = C26629462A6FC6E100CDD3F4 /* CollectionViewCellForStory.swift */; };
		C26629492A6FD9F600CDD3F4 /* CollectionViewCellForPost.swift in Sources */ = {isa = PBXBuildFile; fileRef = C26629482A6FD9F600CDD3F4 /* CollectionViewCellForPost.swift */; };
		C2D0FA8B2A7E50D100185992 /* signInPage.swift in Sources */ = {isa = PBXBuildFile; fileRef = C2D0FA8A2A7E50D100185992 /* signInPage.swift */; };
		C2D0FA8D2A7E518D00185992 /* previousLogin.swift in Sources */ = {isa = PBXBuildFile; fileRef = C2D0FA8C2A7E518D00185992 /* previousLogin.swift */; };
		C2D0FA8F2A7E51B400185992 /* infoForSignup.swift in Sources */ = {isa = PBXBuildFile; fileRef = C2D0FA8E2A7E51B400185992 /* infoForSignup.swift */; };
		C2D0FA912A7E562300185992 /* CollectionViewCellForSearch.swift in Sources */ = {isa = PBXBuildFile; fileRef = C2D0FA902A7E562300185992 /* CollectionViewCellForSearch.swift */; };
		C2D0FA932A7E587100185992 /* CollectionViewCellForReels.swift in Sources */ = {isa = PBXBuildFile; fileRef = C2D0FA922A7E587100185992 /* CollectionViewCellForReels.swift */; };
		C2D8F3192A6E8518007FD693 /* AppDelegate.swift in Sources */ = {isa = PBXBuildFile; fileRef = C2D8F3182A6E8518007FD693 /* AppDelegate.swift */; };
		C2D8F31B2A6E8518007FD693 /* SceneDelegate.swift in Sources */ = {isa = PBXBuildFile; fileRef = C2D8F31A2A6E8518007FD693 /* SceneDelegate.swift */; };
		C2D8F31D2A6E8518007FD693 /* mainView.swift in Sources */ = {isa = PBXBuildFile; fileRef = C2D8F31C2A6E8518007FD693 /* mainView.swift */; };
		C2D8F3202A6E8518007FD693 /* Main.storyboard in Resources */ = {isa = PBXBuildFile; fileRef = C2D8F31E2A6E8518007FD693 /* Main.storyboard */; };
		C2D8F3222A6E851A007FD693 /* Assets.xcassets in Resources */ = {isa = PBXBuildFile; fileRef = C2D8F3212A6E851A007FD693 /* Assets.xcassets */; };
		C2D8F3252A6E851A007FD693 /* LaunchScreen.storyboard in Resources */ = {isa = PBXBuildFile; fileRef = C2D8F3232A6E851A007FD693 /* LaunchScreen.storyboard */; };
		C2E4654A2A7A5F38007D8F9A /* searchPage.swift in Sources */ = {isa = PBXBuildFile; fileRef = C2E465492A7A5F38007D8F9A /* searchPage.swift */; };
		C2E4654C2A7A5F63007D8F9A /* NewPost.swift in Sources */ = {isa = PBXBuildFile; fileRef = C2E4654B2A7A5F63007D8F9A /* NewPost.swift */; };
		C2E4654E2A7A5F9B007D8F9A /* reelsPage.swift in Sources */ = {isa = PBXBuildFile; fileRef = C2E4654D2A7A5F9B007D8F9A /* reelsPage.swift */; };
		C2E465502A7A5FBA007D8F9A /* profilePage.swift in Sources */ = {isa = PBXBuildFile; fileRef = C2E4654F2A7A5FBA007D8F9A /* profilePage.swift */; };
		C2E465522A7A5FE7007D8F9A /* ViewForProfile.swift in Sources */ = {isa = PBXBuildFile; fileRef = C2E465512A7A5FE7007D8F9A /* ViewForProfile.swift */; };
/* End PBXBuildFile section */

/* Begin PBXFileReference section */
		72F10291C85D93731F44B53E /* Pods-instagram.release.xcconfig */ = {isa = PBXFileReference; includeInIndex = 1; lastKnownFileType = text.xcconfig; name = "Pods-instagram.release.xcconfig"; path = "Target Support Files/Pods-instagram/Pods-instagram.release.xcconfig"; sourceTree = "<group>"; };
		C224DA242A7F9D050037D09E /* tabBar.swift */ = {isa = PBXFileReference; lastKnownFileType = sourcecode.swift; path = tabBar.swift; sourceTree = "<group>"; };
		C25B8A3F2A7CFC5C004DED00 /* ViewControllerForPostView.swift */ = {isa = PBXFileReference; lastKnownFileType = sourcecode.swift; path = ViewControllerForPostView.swift; sourceTree = "<group>"; };
		C26629462A6FC6E100CDD3F4 /* CollectionViewCellForStory.swift */ = {isa = PBXFileReference; lastKnownFileType = sourcecode.swift; path = CollectionViewCellForStory.swift; sourceTree = "<group>"; };
		C26629482A6FD9F600CDD3F4 /* CollectionViewCellForPost.swift */ = {isa = PBXFileReference; lastKnownFileType = sourcecode.swift; path = CollectionViewCellForPost.swift; sourceTree = "<group>"; };
		C2D0FA8A2A7E50D100185992 /* signInPage.swift */ = {isa = PBXFileReference; lastKnownFileType = sourcecode.swift; path = signInPage.swift; sourceTree = "<group>"; };
		C2D0FA8C2A7E518D00185992 /* previousLogin.swift */ = {isa = PBXFileReference; lastKnownFileType = sourcecode.swift; path = previousLogin.swift; sourceTree = "<group>"; };
		C2D0FA8E2A7E51B400185992 /* infoForSignup.swift */ = {isa = PBXFileReference; lastKnownFileType = sourcecode.swift; path = infoForSignup.swift; sourceTree = "<group>"; };
		C2D0FA902A7E562300185992 /* CollectionViewCellForSearch.swift */ = {isa = PBXFileReference; lastKnownFileType = sourcecode.swift; path = CollectionViewCellForSearch.swift; sourceTree = "<group>"; };
		C2D0FA922A7E587100185992 /* CollectionViewCellForReels.swift */ = {isa = PBXFileReference; lastKnownFileType = sourcecode.swift; path = CollectionViewCellForReels.swift; sourceTree = "<group>"; };
		C2D8F3152A6E8518007FD693 /* instagram.app */ = {isa = PBXFileReference; explicitFileType = wrapper.application; includeInIndex = 0; path = instagram.app; sourceTree = BUILT_PRODUCTS_DIR; };
		C2D8F3182A6E8518007FD693 /* AppDelegate.swift */ = {isa = PBXFileReference; lastKnownFileType = sourcecode.swift; path = AppDelegate.swift; sourceTree = "<group>"; };
		C2D8F31A2A6E8518007FD693 /* SceneDelegate.swift */ = {isa = PBXFileReference; lastKnownFileType = sourcecode.swift; path = SceneDelegate.swift; sourceTree = "<group>"; };
		C2D8F31C2A6E8518007FD693 /* mainView.swift */ = {isa = PBXFileReference; lastKnownFileType = sourcecode.swift; path = mainView.swift; sourceTree = "<group>"; };
		C2D8F31F2A6E8518007FD693 /* Base */ = {isa = PBXFileReference; lastKnownFileType = file.storyboard; name = Base; path = Base.lproj/Main.storyboard; sourceTree = "<group>"; };
		C2D8F3212A6E851A007FD693 /* Assets.xcassets */ = {isa = PBXFileReference; lastKnownFileType = folder.assetcatalog; path = Assets.xcassets; sourceTree = "<group>"; };
		C2D8F3242A6E851A007FD693 /* Base */ = {isa = PBXFileReference; lastKnownFileType = file.storyboard; name = Base; path = Base.lproj/LaunchScreen.storyboard; sourceTree = "<group>"; };
		C2D8F3262A6E851A007FD693 /* Info.plist */ = {isa = PBXFileReference; lastKnownFileType = text.plist.xml; path = Info.plist; sourceTree = "<group>"; };
		C2E465492A7A5F38007D8F9A /* searchPage.swift */ = {isa = PBXFileReference; lastKnownFileType = sourcecode.swift; path = searchPage.swift; sourceTree = "<group>"; };
		C2E4654B2A7A5F63007D8F9A /* NewPost.swift */ = {isa = PBXFileReference; lastKnownFileType = sourcecode.swift; path = NewPost.swift; sourceTree = "<group>"; };
		C2E4654D2A7A5F9B007D8F9A /* reelsPage.swift */ = {isa = PBXFileReference; lastKnownFileType = sourcecode.swift; path = reelsPage.swift; sourceTree = "<group>"; };
		C2E4654F2A7A5FBA007D8F9A /* profilePage.swift */ = {isa = PBXFileReference; lastKnownFileType = sourcecode.swift; path = profilePage.swift; sourceTree = "<group>"; };
		C2E465512A7A5FE7007D8F9A /* ViewForProfile.swift */ = {isa = PBXFileReference; lastKnownFileType = sourcecode.swift; path = ViewForProfile.swift; sourceTree = "<group>"; };
		CF9C4B37ECB945201F4996B0 /* Pods-instagram.debug.xcconfig */ = {isa = PBXFileReference; includeInIndex = 1; lastKnownFileType = text.xcconfig; name = "Pods-instagram.debug.xcconfig"; path = "Target Support Files/Pods-instagram/Pods-instagram.debug.xcconfig"; sourceTree = "<group>"; };
		D64D35B21EFDE13737D2E640 /* Pods_instagram.framework */ = {isa = PBXFileReference; explicitFileType = wrapper.framework; includeInIndex = 0; path = Pods_instagram.framework; sourceTree = BUILT_PRODUCTS_DIR; };
/* End PBXFileReference section */

/* Begin PBXFrameworksBuildPhase section */
		C2D8F3122A6E8518007FD693 /* Frameworks */ = {
			isa = PBXFrameworksBuildPhase;
			buildActionMask = 2147483647;
			files = (
				6634B83D949F467C64E5DE69 /* Pods_instagram.framework in Frameworks */,
			);
			runOnlyForDeploymentPostprocessing = 0;
		};
/* End PBXFrameworksBuildPhase section */

/* Begin PBXGroup section */
		0B96E36540C6A71439872C1B /* Frameworks */ = {
			isa = PBXGroup;
			children = (
				D64D35B21EFDE13737D2E640 /* Pods_instagram.framework */,
			);
			name = Frameworks;
			sourceTree = "<group>";
		};
		4AD7656E769437D6231A5A79 /* Pods */ = {
			isa = PBXGroup;
			children = (
				CF9C4B37ECB945201F4996B0 /* Pods-instagram.debug.xcconfig */,
				72F10291C85D93731F44B53E /* Pods-instagram.release.xcconfig */,
			);
			path = Pods;
			sourceTree = "<group>";
		};
		C2D8F30C2A6E8518007FD693 = {
			isa = PBXGroup;
			children = (
				C2D8F3172A6E8518007FD693 /* instagram */,
				C2D8F3162A6E8518007FD693 /* Products */,
				4AD7656E769437D6231A5A79 /* Pods */,
				0B96E36540C6A71439872C1B /* Frameworks */,
			);
			sourceTree = "<group>";
		};
		C2D8F3162A6E8518007FD693 /* Products */ = {
			isa = PBXGroup;
			children = (
				C2D8F3152A6E8518007FD693 /* instagram.app */,
			);
			name = Products;
			sourceTree = "<group>";
		};
		C2D8F3172A6E8518007FD693 /* instagram */ = {
			isa = PBXGroup;
			children = (
				C2D8F3182A6E8518007FD693 /* AppDelegate.swift */,
				C2D8F31A2A6E8518007FD693 /* SceneDelegate.swift */,
				C2D8F31C2A6E8518007FD693 /* mainView.swift */,
				C2D8F31E2A6E8518007FD693 /* Main.storyboard */,
				C224DA242A7F9D050037D09E /* tabBar.swift */,
				C2D0FA902A7E562300185992 /* CollectionViewCellForSearch.swift */,
				C2D0FA8E2A7E51B400185992 /* infoForSignup.swift */,
				C2D0FA8C2A7E518D00185992 /* previousLogin.swift */,
				C2D0FA8A2A7E50D100185992 /* signInPage.swift */,
				C25B8A3F2A7CFC5C004DED00 /* ViewControllerForPostView.swift */,
				C2E465512A7A5FE7007D8F9A /* ViewForProfile.swift */,
				C2E4654F2A7A5FBA007D8F9A /* profilePage.swift */,
				C2E4654B2A7A5F63007D8F9A /* NewPost.swift */,
				C2E4654D2A7A5F9B007D8F9A /* reelsPage.swift */,
				C2D0FA922A7E587100185992 /* CollectionViewCellForReels.swift */,
				C2E465492A7A5F38007D8F9A /* searchPage.swift */,
				C26629482A6FD9F600CDD3F4 /* CollectionViewCellForPost.swift */,
				C26629462A6FC6E100CDD3F4 /* CollectionViewCellForStory.swift */,
				C2D8F3212A6E851A007FD693 /* Assets.xcassets */,
				C2D8F3232A6E851A007FD693 /* LaunchScreen.storyboard */,
				C2D8F3262A6E851A007FD693 /* Info.plist */,
			);
			path = instagram;
			sourceTree = "<group>";
		};
/* End PBXGroup section */

/* Begin PBXNativeTarget section */
		C2D8F3142A6E8518007FD693 /* instagram */ = {
			isa = PBXNativeTarget;
			buildConfigurationList = C2D8F3292A6E851A007FD693 /* Build configuration list for PBXNativeTarget "instagram" */;
			buildPhases = (
				56AC7A63F1AA7DE3B21896E2 /* [CP] Check Pods Manifest.lock */,
				C2D8F3112A6E8518007FD693 /* Sources */,
				C2D8F3122A6E8518007FD693 /* Frameworks */,
				C2D8F3132A6E8518007FD693 /* Resources */,
				F009831BBF231F0861131932 /* [CP] Embed Pods Frameworks */,
			);
			buildRules = (
			);
			dependencies = (
			);
			name = instagram;
			productName = instagram;
			productReference = C2D8F3152A6E8518007FD693 /* instagram.app */;
			productType = "com.apple.product-type.application";
		};
/* End PBXNativeTarget section */

/* Begin PBXProject section */
		C2D8F30D2A6E8518007FD693 /* Project object */ = {
			isa = PBXProject;
			attributes = {
				BuildIndependentTargetsInParallel = 1;
				LastSwiftUpdateCheck = 1430;
				LastUpgradeCheck = 1430;
				TargetAttributes = {
					C2D8F3142A6E8518007FD693 = {
						CreatedOnToolsVersion = 14.3.1;
					};
				};
			};
			buildConfigurationList = C2D8F3102A6E8518007FD693 /* Build configuration list for PBXProject "instagram" */;
			compatibilityVersion = "Xcode 14.0";
			developmentRegion = en;
			hasScannedForEncodings = 0;
			knownRegions = (
				en,
				Base,
			);
			mainGroup = C2D8F30C2A6E8518007FD693;
			productRefGroup = C2D8F3162A6E8518007FD693 /* Products */;
			projectDirPath = "";
			projectRoot = "";
			targets = (
				C2D8F3142A6E8518007FD693 /* instagram */,
			);
		};
/* End PBXProject section */

/* Begin PBXResourcesBuildPhase section */
		C2D8F3132A6E8518007FD693 /* Resources */ = {
			isa = PBXResourcesBuildPhase;
			buildActionMask = 2147483647;
			files = (
				C2D8F3252A6E851A007FD693 /* LaunchScreen.storyboard in Resources */,
				C2D8F3222A6E851A007FD693 /* Assets.xcassets in Resources */,
				C2D8F3202A6E8518007FD693 /* Main.storyboard in Resources */,
			);
			runOnlyForDeploymentPostprocessing = 0;
		};
/* End PBXResourcesBuildPhase section */

/* Begin PBXShellScriptBuildPhase section */
		56AC7A63F1AA7DE3B21896E2 /* [CP] Check Pods Manifest.lock */ = {
			isa = PBXShellScriptBuildPhase;
			buildActionMask = 2147483647;
			files = (
			);
			inputFileListPaths = (
			);
			inputPaths = (
				"${PODS_PODFILE_DIR_PATH}/Podfile.lock",
				"${PODS_ROOT}/Manifest.lock",
			);
			name = "[CP] Check Pods Manifest.lock";
			outputFileListPaths = (
			);
			outputPaths = (
				"$(DERIVED_FILE_DIR)/Pods-instagram-checkManifestLockResult.txt",
			);
			runOnlyForDeploymentPostprocessing = 0;
			shellPath = /bin/sh;
			shellScript = "diff \"${PODS_PODFILE_DIR_PATH}/Podfile.lock\" \"${PODS_ROOT}/Manifest.lock\" > /dev/null\nif [ $? != 0 ] ; then\n    # print error to STDERR\n    echo \"error: The sandbox is not in sync with the Podfile.lock. Run 'pod install' or update your CocoaPods installation.\" >&2\n    exit 1\nfi\n# This output is used by Xcode 'outputs' to avoid re-running this script phase.\necho \"SUCCESS\" > \"${SCRIPT_OUTPUT_FILE_0}\"\n";
			showEnvVarsInLog = 0;
		};
		F009831BBF231F0861131932 /* [CP] Embed Pods Frameworks */ = {
			isa = PBXShellScriptBuildPhase;
			buildActionMask = 2147483647;
			files = (
			);
			inputFileListPaths = (
				"${PODS_ROOT}/Target Support Files/Pods-instagram/Pods-instagram-frameworks-${CONFIGURATION}-input-files.xcfilelist",
			);
			name = "[CP] Embed Pods Frameworks";
			outputFileListPaths = (
				"${PODS_ROOT}/Target Support Files/Pods-instagram/Pods-instagram-frameworks-${CONFIGURATION}-output-files.xcfilelist",
			);
			runOnlyForDeploymentPostprocessing = 0;
			shellPath = /bin/sh;
			shellScript = "\"${PODS_ROOT}/Target Support Files/Pods-instagram/Pods-instagram-frameworks.sh\"\n";
			showEnvVarsInLog = 0;
		};
/* End PBXShellScriptBuildPhase section */

/* Begin PBXSourcesBuildPhase section */
		C2D8F3112A6E8518007FD693 /* Sources */ = {
			isa = PBXSourcesBuildPhase;
			buildActionMask = 2147483647;
			files = (
				C26629472A6FC6E100CDD3F4 /* CollectionViewCellForStory.swift in Sources */,
				C26629492A6FD9F600CDD3F4 /* CollectionViewCellForPost.swift in Sources */,
				C2E465522A7A5FE7007D8F9A /* ViewForProfile.swift in Sources */,
				C2E4654E2A7A5F9B007D8F9A /* reelsPage.swift in Sources */,
				C224DA252A7F9D050037D09E /* tabBar.swift in Sources */,
				C2D8F31D2A6E8518007FD693 /* mainView.swift in Sources */,
				C2D8F3192A6E8518007FD693 /* AppDelegate.swift in Sources */,
				C2D0FA8D2A7E518D00185992 /* previousLogin.swift in Sources */,
				C2D0FA8B2A7E50D100185992 /* signInPage.swift in Sources */,
				C2D0FA932A7E587100185992 /* CollectionViewCellForReels.swift in Sources */,
				C2D0FA912A7E562300185992 /* CollectionViewCellForSearch.swift in Sources */,
				C2E4654C2A7A5F63007D8F9A /* NewPost.swift in Sources */,
				C2E4654A2A7A5F38007D8F9A /* searchPage.swift in Sources */,
				C2E465502A7A5FBA007D8F9A /* profilePage.swift in Sources */,
				C2D8F31B2A6E8518007FD693 /* SceneDelegate.swift in Sources */,
				C25B8A402A7CFC5C004DED00 /* ViewControllerForPostView.swift in Sources */,
				C2D0FA8F2A7E51B400185992 /* infoForSignup.swift in Sources */,
			);
			runOnlyForDeploymentPostprocessing = 0;
		};
/* End PBXSourcesBuildPhase section */

/* Begin PBXVariantGroup section */
		C2D8F31E2A6E8518007FD693 /* Main.storyboard */ = {
			isa = PBXVariantGroup;
			children = (
				C2D8F31F2A6E8518007FD693 /* Base */,
			);
			name = Main.storyboard;
			sourceTree = "<group>";
		};
		C2D8F3232A6E851A007FD693 /* LaunchScreen.storyboard */ = {
			isa = PBXVariantGroup;
			children = (
				C2D8F3242A6E851A007FD693 /* Base */,
			);
			name = LaunchScreen.storyboard;
			sourceTree = "<group>";
		};
/* End PBXVariantGroup section */

/* Begin XCBuildConfiguration section */
		C2D8F3272A6E851A007FD693 /* Debug */ = {
			isa = XCBuildConfiguration;
			buildSettings = {
				ALWAYS_SEARCH_USER_PATHS = NO;
				CLANG_ANALYZER_NONNULL = YES;
				CLANG_ANALYZER_NUMBER_OBJECT_CONVERSION = YES_AGGRESSIVE;
				CLANG_CXX_LANGUAGE_STANDARD = "gnu++20";
				CLANG_ENABLE_MODULES = YES;
				CLANG_ENABLE_OBJC_ARC = YES;
				CLANG_ENABLE_OBJC_WEAK = YES;
				CLANG_WARN_BLOCK_CAPTURE_AUTORELEASING = YES;
				CLANG_WARN_BOOL_CONVERSION = YES;
				CLANG_WARN_COMMA = YES;
				CLANG_WARN_CONSTANT_CONVERSION = YES;
				CLANG_WARN_DEPRECATED_OBJC_IMPLEMENTATIONS = YES;
				CLANG_WARN_DIRECT_OBJC_ISA_USAGE = YES_ERROR;
				CLANG_WARN_DOCUMENTATION_COMMENTS = YES;
				CLANG_WARN_EMPTY_BODY = YES;
				CLANG_WARN_ENUM_CONVERSION = YES;
				CLANG_WARN_INFINITE_RECURSION = YES;
				CLANG_WARN_INT_CONVERSION = YES;
				CLANG_WARN_NON_LITERAL_NULL_CONVERSION = YES;
				CLANG_WARN_OBJC_IMPLICIT_RETAIN_SELF = YES;
				CLANG_WARN_OBJC_LITERAL_CONVERSION = YES;
				CLANG_WARN_OBJC_ROOT_CLASS = YES_ERROR;
				CLANG_WARN_QUOTED_INCLUDE_IN_FRAMEWORK_HEADER = YES;
				CLANG_WARN_RANGE_LOOP_ANALYSIS = YES;
				CLANG_WARN_STRICT_PROTOTYPES = YES;
				CLANG_WARN_SUSPICIOUS_MOVE = YES;
				CLANG_WARN_UNGUARDED_AVAILABILITY = YES_AGGRESSIVE;
				CLANG_WARN_UNREACHABLE_CODE = YES;
				CLANG_WARN__DUPLICATE_METHOD_MATCH = YES;
				COPY_PHASE_STRIP = NO;
				DEBUG_INFORMATION_FORMAT = dwarf;
				ENABLE_STRICT_OBJC_MSGSEND = YES;
				ENABLE_TESTABILITY = YES;
				GCC_C_LANGUAGE_STANDARD = gnu11;
				GCC_DYNAMIC_NO_PIC = NO;
				GCC_NO_COMMON_BLOCKS = YES;
				GCC_OPTIMIZATION_LEVEL = 0;
				GCC_PREPROCESSOR_DEFINITIONS = (
					"DEBUG=1",
					"$(inherited)",
				);
				GCC_WARN_64_TO_32_BIT_CONVERSION = YES;
				GCC_WARN_ABOUT_RETURN_TYPE = YES_ERROR;
				GCC_WARN_UNDECLARED_SELECTOR = YES;
				GCC_WARN_UNINITIALIZED_AUTOS = YES_AGGRESSIVE;
				GCC_WARN_UNUSED_FUNCTION = YES;
				GCC_WARN_UNUSED_VARIABLE = YES;
				IPHONEOS_DEPLOYMENT_TARGET = 16.4;
				MTL_ENABLE_DEBUG_INFO = INCLUDE_SOURCE;
				MTL_FAST_MATH = YES;
				ONLY_ACTIVE_ARCH = YES;
				SDKROOT = iphoneos;
				SWIFT_ACTIVE_COMPILATION_CONDITIONS = DEBUG;
				SWIFT_OPTIMIZATION_LEVEL = "-Onone";
			};
			name = Debug;
		};
		C2D8F3282A6E851A007FD693 /* Release */ = {
			isa = XCBuildConfiguration;
			buildSettings = {
				ALWAYS_SEARCH_USER_PATHS = NO;
				CLANG_ANALYZER_NONNULL = YES;
				CLANG_ANALYZER_NUMBER_OBJECT_CONVERSION = YES_AGGRESSIVE;
				CLANG_CXX_LANGUAGE_STANDARD = "gnu++20";
				CLANG_ENABLE_MODULES = YES;
				CLANG_ENABLE_OBJC_ARC = YES;
				CLANG_ENABLE_OBJC_WEAK = YES;
				CLANG_WARN_BLOCK_CAPTURE_AUTORELEASING = YES;
				CLANG_WARN_BOOL_CONVERSION = YES;
				CLANG_WARN_COMMA = YES;
				CLANG_WARN_CONSTANT_CONVERSION = YES;
				CLANG_WARN_DEPRECATED_OBJC_IMPLEMENTATIONS = YES;
				CLANG_WARN_DIRECT_OBJC_ISA_USAGE = YES_ERROR;
				CLANG_WARN_DOCUMENTATION_COMMENTS = YES;
				CLANG_WARN_EMPTY_BODY = YES;
				CLANG_WARN_ENUM_CONVERSION = YES;
				CLANG_WARN_INFINITE_RECURSION = YES;
				CLANG_WARN_INT_CONVERSION = YES;
				CLANG_WARN_NON_LITERAL_NULL_CONVERSION = YES;
				CLANG_WARN_OBJC_IMPLICIT_RETAIN_SELF = YES;
				CLANG_WARN_OBJC_LITERAL_CONVERSION = YES;
				CLANG_WARN_OBJC_ROOT_CLASS = YES_ERROR;
				CLANG_WARN_QUOTED_INCLUDE_IN_FRAMEWORK_HEADER = YES;
				CLANG_WARN_RANGE_LOOP_ANALYSIS = YES;
				CLANG_WARN_STRICT_PROTOTYPES = YES;
				CLANG_WARN_SUSPICIOUS_MOVE = YES;
				CLANG_WARN_UNGUARDED_AVAILABILITY = YES_AGGRESSIVE;
				CLANG_WARN_UNREACHABLE_CODE = YES;
				CLANG_WARN__DUPLICATE_METHOD_MATCH = YES;
				COPY_PHASE_STRIP = NO;
				DEBUG_INFORMATION_FORMAT = "dwarf-with-dsym";
				ENABLE_NS_ASSERTIONS = NO;
				ENABLE_STRICT_OBJC_MSGSEND = YES;
				GCC_C_LANGUAGE_STANDARD = gnu11;
				GCC_NO_COMMON_BLOCKS = YES;
				GCC_WARN_64_TO_32_BIT_CONVERSION = YES;
				GCC_WARN_ABOUT_RETURN_TYPE = YES_ERROR;
				GCC_WARN_UNDECLARED_SELECTOR = YES;
				GCC_WARN_UNINITIALIZED_AUTOS = YES_AGGRESSIVE;
				GCC_WARN_UNUSED_FUNCTION = YES;
				GCC_WARN_UNUSED_VARIABLE = YES;
				IPHONEOS_DEPLOYMENT_TARGET = 16.4;
				MTL_ENABLE_DEBUG_INFO = NO;
				MTL_FAST_MATH = YES;
				SDKROOT = iphoneos;
				SWIFT_COMPILATION_MODE = wholemodule;
				SWIFT_OPTIMIZATION_LEVEL = "-O";
				VALIDATE_PRODUCT = YES;
			};
			name = Release;
		};
		C2D8F32A2A6E851A007FD693 /* Debug */ = {
			isa = XCBuildConfiguration;
			baseConfigurationReference = CF9C4B37ECB945201F4996B0 /* Pods-instagram.debug.xcconfig */;
			buildSettings = {
				ASSETCATALOG_COMPILER_APPICON_NAME = AppIcon;
				ASSETCATALOG_COMPILER_GLOBAL_ACCENT_COLOR_NAME = AccentColor;
				CODE_SIGN_STYLE = Automatic;
				CURRENT_PROJECT_VERSION = 1;
				GENERATE_INFOPLIST_FILE = YES;
				INFOPLIST_FILE = instagram/Info.plist;
				INFOPLIST_KEY_UIApplicationSupportsIndirectInputEvents = YES;
				INFOPLIST_KEY_UILaunchStoryboardName = LaunchScreen;
				INFOPLIST_KEY_UIMainStoryboardFile = Main;
				INFOPLIST_KEY_UISupportedInterfaceOrientations_iPad = "UIInterfaceOrientationPortrait UIInterfaceOrientationPortraitUpsideDown UIInterfaceOrientationLandscapeLeft UIInterfaceOrientationLandscapeRight";
				INFOPLIST_KEY_UISupportedInterfaceOrientations_iPhone = "UIInterfaceOrientationPortrait UIInterfaceOrientationLandscapeLeft UIInterfaceOrientationLandscapeRight";
				LD_RUNPATH_SEARCH_PATHS = (
					"$(inherited)",
					"@executable_path/Frameworks",
				);
				MARKETING_VERSION = 1.0;
				PRODUCT_BUNDLE_IDENTIFIER = project.instagram;
				PRODUCT_NAME = "$(TARGET_NAME)";
				SWIFT_EMIT_LOC_STRINGS = YES;
				SWIFT_VERSION = 5.0;
				TARGETED_DEVICE_FAMILY = "1,2";
			};
			name = Debug;
		};
		C2D8F32B2A6E851A007FD693 /* Release */ = {
			isa = XCBuildConfiguration;
			baseConfigurationReference = 72F10291C85D93731F44B53E /* Pods-instagram.release.xcconfig */;
			buildSettings = {
				ASSETCATALOG_COMPILER_APPICON_NAME = AppIcon;
				ASSETCATALOG_COMPILER_GLOBAL_ACCENT_COLOR_NAME = AccentColor;
				CODE_SIGN_STYLE = Automatic;
				CURRENT_PROJECT_VERSION = 1;
				GENERATE_INFOPLIST_FILE = YES;
				INFOPLIST_FILE = instagram/Info.plist;
				INFOPLIST_KEY_UIApplicationSupportsIndirectInputEvents = YES;
				INFOPLIST_KEY_UILaunchStoryboardName = LaunchScreen;
				INFOPLIST_KEY_UIMainStoryboardFile = Main;
				INFOPLIST_KEY_UISupportedInterfaceOrientations_iPad = "UIInterfaceOrientationPortrait UIInterfaceOrientationPortraitUpsideDown UIInterfaceOrientationLandscapeLeft UIInterfaceOrientationLandscapeRight";
				INFOPLIST_KEY_UISupportedInterfaceOrientations_iPhone = "UIInterfaceOrientationPortrait UIInterfaceOrientationLandscapeLeft UIInterfaceOrientationLandscapeRight";
				LD_RUNPATH_SEARCH_PATHS = (
					"$(inherited)",
					"@executable_path/Frameworks",
				);
				MARKETING_VERSION = 1.0;
				PRODUCT_BUNDLE_IDENTIFIER = project.instagram;
				PRODUCT_NAME = "$(TARGET_NAME)";
				SWIFT_EMIT_LOC_STRINGS = YES;
				SWIFT_VERSION = 5.0;
				TARGETED_DEVICE_FAMILY = "1,2";
			};
			name = Release;
		};
/* End XCBuildConfiguration section */

/* Begin XCConfigurationList section */
		C2D8F3102A6E8518007FD693 /* Build configuration list for PBXProject "instagram" */ = {
			isa = XCConfigurationList;
			buildConfigurations = (
				C2D8F3272A6E851A007FD693 /* Debug */,
				C2D8F3282A6E851A007FD693 /* Release */,
			);
			defaultConfigurationIsVisible = 0;
			defaultConfigurationName = Release;
		};
		C2D8F3292A6E851A007FD693 /* Build configuration list for PBXNativeTarget "instagram" */ = {
			isa = XCConfigurationList;
			buildConfigurations = (
				C2D8F32A2A6E851A007FD693 /* Debug */,
				C2D8F32B2A6E851A007FD693 /* Release */,
			);
			defaultConfigurationIsVisible = 0;
			defaultConfigurationName = Release;
		};
/* End XCConfigurationList section */
	};
	rootObject = C2D8F30D2A6E8518007FD693 /* Project object */;
}
